// !$*UTF8*$!
{
	archiveVersion = 1;
	classes = {
	};
	objectVersion = 50;
	objects = {

/* Begin PBXBuildFile section */
		1996EE21207AECD200836F40 /* AppDelegate.swift in Sources */ = {isa = PBXBuildFile; fileRef = 1996EE20207AECD200836F40 /* AppDelegate.swift */; };
		1996EE23207AECD200836F40 /* MainVC.swift in Sources */ = {isa = PBXBuildFile; fileRef = 1996EE22207AECD200836F40 /* MainVC.swift */; };
		1996EE26207AECD200836F40 /* Main.storyboard in Resources */ = {isa = PBXBuildFile; fileRef = 1996EE24207AECD200836F40 /* Main.storyboard */; };
		1996EE28207AECD400836F40 /* Assets.xcassets in Resources */ = {isa = PBXBuildFile; fileRef = 1996EE27207AECD400836F40 /* Assets.xcassets */; };
		1996EE2B207AECD400836F40 /* LaunchScreen.storyboard in Resources */ = {isa = PBXBuildFile; fileRef = 1996EE29207AECD400836F40 /* LaunchScreen.storyboard */; };
		1996EE37207AEEEE00836F40 /* RoundedButton.swift in Sources */ = {isa = PBXBuildFile; fileRef = 1996EE36207AEEEE00836F40 /* RoundedButton.swift */; };
		1996EE3B207AF72800836F40 /* RulesVC.swift in Sources */ = {isa = PBXBuildFile; fileRef = 1996EE3A207AF72800836F40 /* RulesVC.swift */; };
		1996EE3F207AF82600836F40 /* CreditsVC.swift in Sources */ = {isa = PBXBuildFile; fileRef = 1996EE3E207AF82600836F40 /* CreditsVC.swift */; };
		19ED3AA1207AF90700BCC909 /* RoundedView.swift in Sources */ = {isa = PBXBuildFile; fileRef = 19ED3AA0207AF90700BCC909 /* RoundedView.swift */; };
		19ED3AA3207B047400BCC909 /* CircleButton.swift in Sources */ = {isa = PBXBuildFile; fileRef = 19ED3AA2207B047400BCC909 /* CircleButton.swift */; };
		19ED3AA9207B080800BCC909 /* GameIntroVC.swift in Sources */ = {isa = PBXBuildFile; fileRef = 19ED3AA8207B080800BCC909 /* GameIntroVC.swift */; };
		19ED3AAB207B081900BCC909 /* GameMainVC.swift in Sources */ = {isa = PBXBuildFile; fileRef = 19ED3AAA207B081900BCC909 /* GameMainVC.swift */; };
		19F2897D208AA1170084F8E6 /* Constants.swift in Sources */ = {isa = PBXBuildFile; fileRef = 19F2897C208AA1170084F8E6 /* Constants.swift */; };
/* End PBXBuildFile section */

/* Begin PBXFileReference section */
		1996EE1D207AECD200836F40 /* Yellow Car.app */ = {isa = PBXFileReference; explicitFileType = wrapper.application; includeInIndex = 0; path = "Yellow Car.app"; sourceTree = BUILT_PRODUCTS_DIR; };
		1996EE20207AECD200836F40 /* AppDelegate.swift */ = {isa = PBXFileReference; lastKnownFileType = sourcecode.swift; path = AppDelegate.swift; sourceTree = "<group>"; };
		1996EE22207AECD200836F40 /* MainVC.swift */ = {isa = PBXFileReference; lastKnownFileType = sourcecode.swift; path = MainVC.swift; sourceTree = "<group>"; };
		1996EE25207AECD200836F40 /* Base */ = {isa = PBXFileReference; lastKnownFileType = file.storyboard; name = Base; path = Base.lproj/Main.storyboard; sourceTree = "<group>"; };
		1996EE27207AECD400836F40 /* Assets.xcassets */ = {isa = PBXFileReference; lastKnownFileType = folder.assetcatalog; path = Assets.xcassets; sourceTree = "<group>"; };
		1996EE2A207AECD400836F40 /* Base */ = {isa = PBXFileReference; lastKnownFileType = file.storyboard; name = Base; path = Base.lproj/LaunchScreen.storyboard; sourceTree = "<group>"; };
		1996EE2C207AECD400836F40 /* Info.plist */ = {isa = PBXFileReference; lastKnownFileType = text.plist.xml; path = Info.plist; sourceTree = "<group>"; };
		1996EE36207AEEEE00836F40 /* RoundedButton.swift */ = {isa = PBXFileReference; lastKnownFileType = sourcecode.swift; path = RoundedButton.swift; sourceTree = "<group>"; };
		1996EE3A207AF72800836F40 /* RulesVC.swift */ = {isa = PBXFileReference; lastKnownFileType = sourcecode.swift; path = RulesVC.swift; sourceTree = "<group>"; };
		1996EE3E207AF82600836F40 /* CreditsVC.swift */ = {isa = PBXFileReference; lastKnownFileType = sourcecode.swift; path = CreditsVC.swift; sourceTree = "<group>"; };
		19ED3AA0207AF90700BCC909 /* RoundedView.swift */ = {isa = PBXFileReference; lastKnownFileType = sourcecode.swift; path = RoundedView.swift; sourceTree = "<group>"; };
		19ED3AA2207B047400BCC909 /* CircleButton.swift */ = {isa = PBXFileReference; lastKnownFileType = sourcecode.swift; path = CircleButton.swift; sourceTree = "<group>"; };
		19ED3AA8207B080800BCC909 /* GameIntroVC.swift */ = {isa = PBXFileReference; lastKnownFileType = sourcecode.swift; path = GameIntroVC.swift; sourceTree = "<group>"; };
		19ED3AAA207B081900BCC909 /* GameMainVC.swift */ = {isa = PBXFileReference; lastKnownFileType = sourcecode.swift; path = GameMainVC.swift; sourceTree = "<group>"; };
		19F2897C208AA1170084F8E6 /* Constants.swift */ = {isa = PBXFileReference; lastKnownFileType = sourcecode.swift; path = Constants.swift; sourceTree = "<group>"; };
/* End PBXFileReference section */

/* Begin PBXFrameworksBuildPhase section */
		1996EE1A207AECD200836F40 /* Frameworks */ = {
			isa = PBXFrameworksBuildPhase;
			buildActionMask = 2147483647;
			files = (
			);
			runOnlyForDeploymentPostprocessing = 0;
		};
/* End PBXFrameworksBuildPhase section */

/* Begin PBXGroup section */
		1996EE14207AECD200836F40 = {
			isa = PBXGroup;
			children = (
				1996EE1F207AECD200836F40 /* Yellow Car */,
				1996EE1E207AECD200836F40 /* Products */,
			);
			sourceTree = "<group>";
		};
		1996EE1E207AECD200836F40 /* Products */ = {
			isa = PBXGroup;
			children = (
				1996EE1D207AECD200836F40 /* Yellow Car.app */,
			);
			name = Products;
			sourceTree = "<group>";
		};
		1996EE1F207AECD200836F40 /* Yellow Car */ = {
			isa = PBXGroup;
			children = (
				19F2897B208AA1010084F8E6 /* Services */,
				1996EE35207AEECF00836F40 /* Views */,
				1996EE34207AEEC100836F40 /* Models */,
				1996EE33207AEEBB00836F40 /* Enums */,
				1996EE32207AEEB100836F40 /* Controllers */,
				1996EE20207AECD200836F40 /* AppDelegate.swift */,
				1996EE24207AECD200836F40 /* Main.storyboard */,
				1996EE27207AECD400836F40 /* Assets.xcassets */,
				1996EE29207AECD400836F40 /* LaunchScreen.storyboard */,
				1996EE2C207AECD400836F40 /* Info.plist */,
			);
			path = "Yellow Car";
			sourceTree = "<group>";
		};
		1996EE32207AEEB100836F40 /* Controllers */ = {
			isa = PBXGroup;
			children = (
				1996EE22207AECD200836F40 /* MainVC.swift */,
				1996EE3A207AF72800836F40 /* RulesVC.swift */,
				1996EE3E207AF82600836F40 /* CreditsVC.swift */,
				19ED3AA8207B080800BCC909 /* GameIntroVC.swift */,
				19ED3AAA207B081900BCC909 /* GameMainVC.swift */,
			);
			path = Controllers;
			sourceTree = "<group>";
		};
		1996EE33207AEEBB00836F40 /* Enums */ = {
			isa = PBXGroup;
			children = (
			);
			path = Enums;
			sourceTree = "<group>";
		};
		1996EE34207AEEC100836F40 /* Models */ = {
			isa = PBXGroup;
			children = (
			);
			path = Models;
			sourceTree = "<group>";
		};
		1996EE35207AEECF00836F40 /* Views */ = {
			isa = PBXGroup;
			children = (
				1996EE36207AEEEE00836F40 /* RoundedButton.swift */,
				19ED3AA0207AF90700BCC909 /* RoundedView.swift */,
				19ED3AA2207B047400BCC909 /* CircleButton.swift */,
			);
			path = Views;
			sourceTree = "<group>";
		};
		19F2897B208AA1010084F8E6 /* Services */ = {
			isa = PBXGroup;
			children = (
				19F2897C208AA1170084F8E6 /* Constants.swift */,
			);
			path = Services;
			sourceTree = "<group>";
		};
/* End PBXGroup section */

/* Begin PBXNativeTarget section */
		1996EE1C207AECD200836F40 /* Yellow Car */ = {
			isa = PBXNativeTarget;
			buildConfigurationList = 1996EE2F207AECD400836F40 /* Build configuration list for PBXNativeTarget "Yellow Car" */;
			buildPhases = (
				1996EE19207AECD200836F40 /* Sources */,
				1996EE1A207AECD200836F40 /* Frameworks */,
				1996EE1B207AECD200836F40 /* Resources */,
			);
			buildRules = (
			);
			dependencies = (
			);
			name = "Yellow Car";
			productName = "Yellow Car";
			productReference = 1996EE1D207AECD200836F40 /* Yellow Car.app */;
			productType = "com.apple.product-type.application";
		};
/* End PBXNativeTarget section */

/* Begin PBXProject section */
		1996EE15207AECD200836F40 /* Project object */ = {
			isa = PBXProject;
			attributes = {
				LastSwiftUpdateCheck = 0930;
				LastUpgradeCheck = 0930;
				ORGANIZATIONNAME = "Chris McDonald";
				TargetAttributes = {
					1996EE1C207AECD200836F40 = {
						CreatedOnToolsVersion = 9.3;
					};
				};
			};
			buildConfigurationList = 1996EE18207AECD200836F40 /* Build configuration list for PBXProject "Yellow Car" */;
			compatibilityVersion = "Xcode 9.3";
			developmentRegion = en;
			hasScannedForEncodings = 0;
			knownRegions = (
				en,
				Base,
			);
			mainGroup = 1996EE14207AECD200836F40;
			productRefGroup = 1996EE1E207AECD200836F40 /* Products */;
			projectDirPath = "";
			projectRoot = "";
			targets = (
				1996EE1C207AECD200836F40 /* Yellow Car */,
			);
		};
/* End PBXProject section */

/* Begin PBXResourcesBuildPhase section */
		1996EE1B207AECD200836F40 /* Resources */ = {
			isa = PBXResourcesBuildPhase;
			buildActionMask = 2147483647;
			files = (
				1996EE2B207AECD400836F40 /* LaunchScreen.storyboard in Resources */,
				1996EE28207AECD400836F40 /* Assets.xcassets in Resources */,
				1996EE26207AECD200836F40 /* Main.storyboard in Resources */,
			);
			runOnlyForDeploymentPostprocessing = 0;
		};
/* End PBXResourcesBuildPhase section */

/* Begin PBXSourcesBuildPhase section */
		1996EE19207AECD200836F40 /* Sources */ = {
			isa = PBXSourcesBuildPhase;
			buildActionMask = 2147483647;
			files = (
				1996EE23207AECD200836F40 /* MainVC.swift in Sources */,
				19F2897D208AA1170084F8E6 /* Constants.swift in Sources */,
				1996EE3B207AF72800836F40 /* RulesVC.swift in Sources */,
				19ED3AA1207AF90700BCC909 /* RoundedView.swift in Sources */,
				19ED3AAB207B081900BCC909 /* GameMainVC.swift in Sources */,
				19ED3AA9207B080800BCC909 /* GameIntroVC.swift in Sources */,
				19ED3AA3207B047400BCC909 /* CircleButton.swift in Sources */,
				1996EE37207AEEEE00836F40 /* RoundedButton.swift in Sources */,
				1996EE3F207AF82600836F40 /* CreditsVC.swift in Sources */,
				1996EE21207AECD200836F40 /* AppDelegate.swift in Sources */,
			);
			runOnlyForDeploymentPostprocessing = 0;
		};
/* End PBXSourcesBuildPhase section */

/* Begin PBXVariantGroup section */
		1996EE24207AECD200836F40 /* Main.storyboard */ = {
			isa = PBXVariantGroup;
			children = (
				1996EE25207AECD200836F40 /* Base */,
			);
			name = Main.storyboard;
			sourceTree = "<group>";
		};
		1996EE29207AECD400836F40 /* LaunchScreen.storyboard */ = {
			isa = PBXVariantGroup;
			children = (
				1996EE2A207AECD400836F40 /* Base */,
			);
			name = LaunchScreen.storyboard;
			sourceTree = "<group>";
		};
/* End PBXVariantGroup section */

/* Begin XCBuildConfiguration section */
		1996EE2D207AECD400836F40 /* Debug */ = {
			isa = XCBuildConfiguration;
			buildSettings = {
				ALWAYS_SEARCH_USER_PATHS = NO;
				CLANG_ANALYZER_NONNULL = YES;
				CLANG_ANALYZER_NUMBER_OBJECT_CONVERSION = YES_AGGRESSIVE;
				CLANG_CXX_LANGUAGE_STANDARD = "gnu++14";
				CLANG_CXX_LIBRARY = "libc++";
				CLANG_ENABLE_MODULES = YES;
				CLANG_ENABLE_OBJC_ARC = YES;
				CLANG_ENABLE_OBJC_WEAK = YES;
				CLANG_WARN_BLOCK_CAPTURE_AUTORELEASING = YES;
				CLANG_WARN_BOOL_CONVERSION = YES;
				CLANG_WARN_COMMA = YES;
				CLANG_WARN_CONSTANT_CONVERSION = YES;
				CLANG_WARN_DEPRECATED_OBJC_IMPLEMENTATIONS = YES;
				CLANG_WARN_DIRECT_OBJC_ISA_USAGE = YES_ERROR;
				CLANG_WARN_DOCUMENTATION_COMMENTS = YES;
				CLANG_WARN_EMPTY_BODY = YES;
				CLANG_WARN_ENUM_CONVERSION = YES;
				CLANG_WARN_INFINITE_RECURSION = YES;
				CLANG_WARN_INT_CONVERSION = YES;
				CLANG_WARN_NON_LITERAL_NULL_CONVERSION = YES;
				CLANG_WARN_OBJC_IMPLICIT_RETAIN_SELF = YES;
				CLANG_WARN_OBJC_LITERAL_CONVERSION = YES;
				CLANG_WARN_OBJC_ROOT_CLASS = YES_ERROR;
				CLANG_WARN_RANGE_LOOP_ANALYSIS = YES;
				CLANG_WARN_STRICT_PROTOTYPES = YES;
				CLANG_WARN_SUSPICIOUS_MOVE = YES;
				CLANG_WARN_UNGUARDED_AVAILABILITY = YES_AGGRESSIVE;
				CLANG_WARN_UNREACHABLE_CODE = YES;
				CLANG_WARN__DUPLICATE_METHOD_MATCH = YES;
				CODE_SIGN_IDENTITY = "iPhone Developer";
				COPY_PHASE_STRIP = NO;
				DEBUG_INFORMATION_FORMAT = dwarf;
				ENABLE_STRICT_OBJC_MSGSEND = YES;
				ENABLE_TESTABILITY = YES;
				GCC_C_LANGUAGE_STANDARD = gnu11;
				GCC_DYNAMIC_NO_PIC = NO;
				GCC_NO_COMMON_BLOCKS = YES;
				GCC_OPTIMIZATION_LEVEL = 0;
				GCC_PREPROCESSOR_DEFINITIONS = (
					"DEBUG=1",
					"$(inherited)",
				);
				GCC_WARN_64_TO_32_BIT_CONVERSION = YES;
				GCC_WARN_ABOUT_RETURN_TYPE = YES_ERROR;
				GCC_WARN_UNDECLARED_SELECTOR = YES;
				GCC_WARN_UNINITIALIZED_AUTOS = YES_AGGRESSIVE;
				GCC_WARN_UNUSED_FUNCTION = YES;
				GCC_WARN_UNUSED_VARIABLE = YES;
				IPHONEOS_DEPLOYMENT_TARGET = 11.3;
				MTL_ENABLE_DEBUG_INFO = YES;
				ONLY_ACTIVE_ARCH = YES;
				SDKROOT = iphoneos;
				SWIFT_ACTIVE_COMPILATION_CONDITIONS = DEBUG;
				SWIFT_OPTIMIZATION_LEVEL = "-Onone";
			};
			name = Debug;
		};
		1996EE2E207AECD400836F40 /* Release */ = {
			isa = XCBuildConfiguration;
			buildSettings = {
				ALWAYS_SEARCH_USER_PATHS = NO;
				CLANG_ANALYZER_NONNULL = YES;
				CLANG_ANALYZER_NUMBER_OBJECT_CONVERSION = YES_AGGRESSIVE;
				CLANG_CXX_LANGUAGE_STANDARD = "gnu++14";
				CLANG_CXX_LIBRARY = "libc++";
				CLANG_ENABLE_MODULES = YES;
				CLANG_ENABLE_OBJC_ARC = YES;
				CLANG_ENABLE_OBJC_WEAK = YES;
				CLANG_WARN_BLOCK_CAPTURE_AUTORELEASING = YES;
				CLANG_WARN_BOOL_CONVERSION = YES;
				CLANG_WARN_COMMA = YES;
				CLANG_WARN_CONSTANT_CONVERSION = YES;
				CLANG_WARN_DEPRECATED_OBJC_IMPLEMENTATIONS = YES;
				CLANG_WARN_DIRECT_OBJC_ISA_USAGE = YES_ERROR;
				CLANG_WARN_DOCUMENTATION_COMMENTS = YES;
				CLANG_WARN_EMPTY_BODY = YES;
				CLANG_WARN_ENUM_CONVERSION = YES;
				CLANG_WARN_INFINITE_RECURSION = YES;
				CLANG_WARN_INT_CONVERSION = YES;
				CLANG_WARN_NON_LITERAL_NULL_CONVERSION = YES;
				CLANG_WARN_OBJC_IMPLICIT_RETAIN_SELF = YES;
				CLANG_WARN_OBJC_LITERAL_CONVERSION = YES;
				CLANG_WARN_OBJC_ROOT_CLASS = YES_ERROR;
				CLANG_WARN_RANGE_LOOP_ANALYSIS = YES;
				CLANG_WARN_STRICT_PROTOTYPES = YES;
				CLANG_WARN_SUSPICIOUS_MOVE = YES;
				CLANG_WARN_UNGUARDED_AVAILABILITY = YES_AGGRESSIVE;
				CLANG_WARN_UNREACHABLE_CODE = YES;
				CLANG_WARN__DUPLICATE_METHOD_MATCH = YES;
				CODE_SIGN_IDENTITY = "iPhone Developer";
				COPY_PHASE_STRIP = NO;
				DEBUG_INFORMATION_FORMAT = "dwarf-with-dsym";
				ENABLE_NS_ASSERTIONS = NO;
				ENABLE_STRICT_OBJC_MSGSEND = YES;
				GCC_C_LANGUAGE_STANDARD = gnu11;
				GCC_NO_COMMON_BLOCKS = YES;
				GCC_WARN_64_TO_32_BIT_CONVERSION = YES;
				GCC_WARN_ABOUT_RETURN_TYPE = YES_ERROR;
				GCC_WARN_UNDECLARED_SELECTOR = YES;
				GCC_WARN_UNINITIALIZED_AUTOS = YES_AGGRESSIVE;
				GCC_WARN_UNUSED_FUNCTION = YES;
				GCC_WARN_UNUSED_VARIABLE = YES;
				IPHONEOS_DEPLOYMENT_TARGET = 11.3;
				MTL_ENABLE_DEBUG_INFO = NO;
				SDKROOT = iphoneos;
				SWIFT_COMPILATION_MODE = wholemodule;
				SWIFT_OPTIMIZATION_LEVEL = "-O";
				VALIDATE_PRODUCT = YES;
			};
			name = Release;
		};
		1996EE30207AECD400836F40 /* Debug */ = {
			isa = XCBuildConfiguration;
			buildSettings = {
				ASSETCATALOG_COMPILER_APPICON_NAME = AppIcon;
				CODE_SIGN_STYLE = Automatic;
				DEVELOPMENT_TEAM = E8W6XDS66Q;
				INFOPLIST_FILE = "Yellow Car/Info.plist";
				LD_RUNPATH_SEARCH_PATHS = (
					"$(inherited)",
					"@executable_path/Frameworks",
				);
				PRODUCT_BUNDLE_IDENTIFIER = "com.chrismcdonald.Yellow-Car";
				PRODUCT_NAME = "$(TARGET_NAME)";
				SWIFT_VERSION = 4.0;
				TARGETED_DEVICE_FAMILY = "1,2";
			};
			name = Debug;
		};
		1996EE31207AECD400836F40 /* Release */ = {
			isa = XCBuildConfiguration;
			buildSettings = {
				ASSETCATALOG_COMPILER_APPICON_NAME = AppIcon;
				CODE_SIGN_STYLE = Automatic;
				DEVELOPMENT_TEAM = E8W6XDS66Q;
				INFOPLIST_FILE = "Yellow Car/Info.plist";
				LD_RUNPATH_SEARCH_PATHS = (
					"$(inherited)",
					"@executable_path/Frameworks",
				);
				PRODUCT_BUNDLE_IDENTIFIER = "com.chrismcdonald.Yellow-Car";
				PRODUCT_NAME = "$(TARGET_NAME)";
				SWIFT_VERSION = 4.0;
				TARGETED_DEVICE_FAMILY = "1,2";
			};
			name = Release;
		};
/* End XCBuildConfiguration section */

/* Begin XCConfigurationList section */
		1996EE18207AECD200836F40 /* Build configuration list for PBXProject "Yellow Car" */ = {
			isa = XCConfigurationList;
			buildConfigurations = (
				1996EE2D207AECD400836F40 /* Debug */,
				1996EE2E207AECD400836F40 /* Release */,
			);
			defaultConfigurationIsVisible = 0;
			defaultConfigurationName = Release;
		};
		1996EE2F207AECD400836F40 /* Build configuration list for PBXNativeTarget "Yellow Car" */ = {
			isa = XCConfigurationList;
			buildConfigurations = (
				1996EE30207AECD400836F40 /* Debug */,
				1996EE31207AECD400836F40 /* Release */,
			);
			defaultConfigurationIsVisible = 0;
			defaultConfigurationName = Release;
		};
/* End XCConfigurationList section */
	};
	rootObject = 1996EE15207AECD200836F40 /* Project object */;
}
